
Microsoft Visual Studio Solution File, Format Version 12.00
# Visual Studio Version 17
VisualStudioVersion = 17.10.34928.147
MinimumVisualStudioVersion = 10.0.40219.1
Project("{FAE04EC0-301F-11D3-BF4B-00C04F79EFBC}") = "Assign3Cumulative - Narmin Gurbanli", "Assign3Cumulative - Narmin Gurbanli\Assign3Cumulative - Narmin Gurbanli.csproj", "{E744F0B3-3AD8-41DE-8C2A-A77E524C848B}"
EndProject
Global
	GlobalSection(SolutionConfigurationPlatforms) = preSolution
		Debug|Any CPU = Debug|Any CPU
		Release|Any CPU = Release|Any CPU
	EndGlobalSection
	GlobalSection(ProjectConfigurationPlatforms) = postSolution
		{E744F0B3-3AD8-41DE-8C2A-A77E524C848B}.Debug|Any CPU.ActiveCfg = Debug|Any CPU
		{E744F0B3-3AD8-41DE-8C2A-A77E524C848B}.Debug|Any CPU.Build.0 = Debug|Any CPU
		{E744F0B3-3AD8-41DE-8C2A-A77E524C848B}.Release|Any CPU.ActiveCfg = Release|Any CPU
		{E744F0B3-3AD8-41DE-8C2A-A77E524C848B}.Release|Any CPU.Build.0 = Release|Any CPU
	EndGlobalSection
	GlobalSection(SolutionProperties) = preSolution
		HideSolutionNode = FALSE
	EndGlobalSection
	GlobalSection(ExtensibilityGlobals) = postSolution
		SolutionGuid = {47E9FD43-FB45-4D74-A3FD-02339E57CD7A}
	EndGlobalSection
EndGlobal
